
Microsoft Visual Studio Solution File, Format Version 12.00
Project("{FAE04EC0-301F-11D3-BF4B-00C04F79EFBC}") = "Exercice12", "Exercice12\Exercice12.csproj", "{214BAA15-1A61-4F23-8DF8-E1866D9A67B7}"
EndProject
Project("{FAE04EC0-301F-11D3-BF4B-00C04F79EFBC}") = "Exercice12Database", "Exercice12Database\Exercice12Database.csproj", "{12ECAFB5-80F2-4811-8BAD-4D895105F4AB}"
EndProject
Project("{FAE04EC0-301F-11D3-BF4B-00C04F79EFBC}") = "Exercice12Model", "Exercice12Model\Exercice12Model.csproj", "{C0A7E6F0-FC22-4596-A9ED-DEB253EA25F6}"
EndProject
Project("{FAE04EC0-301F-11D3-BF4B-00C04F79EFBC}") = "Exercice12Console", "Exercice12Console\Exercice12Console.csproj", "{EDE720FB-EED7-49F1-81A0-79DC7FE5E53F}"
EndProject
Global
	GlobalSection(SolutionConfigurationPlatforms) = preSolution
		Debug|Any CPU = Debug|Any CPU
		Release|Any CPU = Release|Any CPU
	EndGlobalSection
	GlobalSection(ProjectConfigurationPlatforms) = postSolution
		{214BAA15-1A61-4F23-8DF8-E1866D9A67B7}.Debug|Any CPU.ActiveCfg = Debug|Any CPU
		{214BAA15-1A61-4F23-8DF8-E1866D9A67B7}.Debug|Any CPU.Build.0 = Debug|Any CPU
		{214BAA15-1A61-4F23-8DF8-E1866D9A67B7}.Release|Any CPU.ActiveCfg = Release|Any CPU
		{214BAA15-1A61-4F23-8DF8-E1866D9A67B7}.Release|Any CPU.Build.0 = Release|Any CPU
		{12ECAFB5-80F2-4811-8BAD-4D895105F4AB}.Debug|Any CPU.ActiveCfg = Debug|Any CPU
		{12ECAFB5-80F2-4811-8BAD-4D895105F4AB}.Debug|Any CPU.Build.0 = Debug|Any CPU
		{12ECAFB5-80F2-4811-8BAD-4D895105F4AB}.Release|Any CPU.ActiveCfg = Release|Any CPU
		{12ECAFB5-80F2-4811-8BAD-4D895105F4AB}.Release|Any CPU.Build.0 = Release|Any CPU
		{C0A7E6F0-FC22-4596-A9ED-DEB253EA25F6}.Debug|Any CPU.ActiveCfg = Debug|Any CPU
		{C0A7E6F0-FC22-4596-A9ED-DEB253EA25F6}.Debug|Any CPU.Build.0 = Debug|Any CPU
		{C0A7E6F0-FC22-4596-A9ED-DEB253EA25F6}.Release|Any CPU.ActiveCfg = Release|Any CPU
		{C0A7E6F0-FC22-4596-A9ED-DEB253EA25F6}.Release|Any CPU.Build.0 = Release|Any CPU
		{EDE720FB-EED7-49F1-81A0-79DC7FE5E53F}.Debug|Any CPU.ActiveCfg = Debug|Any CPU
		{EDE720FB-EED7-49F1-81A0-79DC7FE5E53F}.Debug|Any CPU.Build.0 = Debug|Any CPU
		{EDE720FB-EED7-49F1-81A0-79DC7FE5E53F}.Release|Any CPU.ActiveCfg = Release|Any CPU
		{EDE720FB-EED7-49F1-81A0-79DC7FE5E53F}.Release|Any CPU.Build.0 = Release|Any CPU
	EndGlobalSection
EndGlobal
